// !$*UTF8*$!
{
	archiveVersion = 1;
	classes = {
	};
	objectVersion = 50;
	objects = {

/* Begin PBXBuildFile section */
		14492B83276DB3CF00118FA6 /* SwiftUITutorialApp.swift in Sources */ = {isa = PBXBuildFile; fileRef = 14492B82276DB3CF00118FA6 /* SwiftUITutorialApp.swift */; };
		14492B85276DB3CF00118FA6 /* ContentView.swift in Sources */ = {isa = PBXBuildFile; fileRef = 14492B84276DB3CF00118FA6 /* ContentView.swift */; };
		14492B87276DB3CF00118FA6 /* Assets.xcassets in Resources */ = {isa = PBXBuildFile; fileRef = 14492B86276DB3CF00118FA6 /* Assets.xcassets */; };
		14492B8A276DB3CF00118FA6 /* Preview Assets.xcassets in Resources */ = {isa = PBXBuildFile; fileRef = 14492B89276DB3CF00118FA6 /* Preview Assets.xcassets */; };
		14492B95276DB3CF00118FA6 /* SwiftUITutorialTests.swift in Sources */ = {isa = PBXBuildFile; fileRef = 14492B94276DB3CF00118FA6 /* SwiftUITutorialTests.swift */; };
		14492BA0276DB3D000118FA6 /* SwiftUITutorialUITests.swift in Sources */ = {isa = PBXBuildFile; fileRef = 14492B9F276DB3D000118FA6 /* SwiftUITutorialUITests.swift */; };
		14492BAE276DB7BA00118FA6 /* CircleImage.swift in Sources */ = {isa = PBXBuildFile; fileRef = 14492BAD276DB7BA00118FA6 /* CircleImage.swift */; };
		14492BB0276DB98300118FA6 /* MapView.swift in Sources */ = {isa = PBXBuildFile; fileRef = 14492BAF276DB98300118FA6 /* MapView.swift */; };
		14492BB2276DBBA800118FA6 /* landmarkData.json in Resources */ = {isa = PBXBuildFile; fileRef = 14492BB1276DBBA800118FA6 /* landmarkData.json */; };
		14492BB4276DBBC600118FA6 /* Landmark.swift in Sources */ = {isa = PBXBuildFile; fileRef = 14492BB3276DBBC600118FA6 /* Landmark.swift */; };
		14492BB6276DBCC500118FA6 /* ModelData.swift in Sources */ = {isa = PBXBuildFile; fileRef = 14492BB5276DBCC500118FA6 /* ModelData.swift */; };
		14492BBB276DBE1A00118FA6 /* LandmarkRow.swift in Sources */ = {isa = PBXBuildFile; fileRef = 14492BBA276DBE1A00118FA6 /* LandmarkRow.swift */; };
		14492BBD276DBF2100118FA6 /* LandmarkList.swift in Sources */ = {isa = PBXBuildFile; fileRef = 14492BBC276DBF2100118FA6 /* LandmarkList.swift */; };
		14492BBF276DC01200118FA6 /* LandmarkDetail.swift in Sources */ = {isa = PBXBuildFile; fileRef = 14492BBE276DC01200118FA6 /* LandmarkDetail.swift */; };
		14492BC1276DC92C00118FA6 /* FavoriteButton.swift in Sources */ = {isa = PBXBuildFile; fileRef = 14492BC0276DC92C00118FA6 /* FavoriteButton.swift */; };
/* End PBXBuildFile section */

/* Begin PBXContainerItemProxy section */
		14492B91276DB3CF00118FA6 /* PBXContainerItemProxy */ = {
			isa = PBXContainerItemProxy;
			containerPortal = 14492B77276DB3CF00118FA6 /* Project object */;
			proxyType = 1;
			remoteGlobalIDString = 14492B7E276DB3CF00118FA6;
			remoteInfo = SwiftUITutorial;
		};
		14492B9C276DB3D000118FA6 /* PBXContainerItemProxy */ = {
			isa = PBXContainerItemProxy;
			containerPortal = 14492B77276DB3CF00118FA6 /* Project object */;
			proxyType = 1;
			remoteGlobalIDString = 14492B7E276DB3CF00118FA6;
			remoteInfo = SwiftUITutorial;
		};
/* End PBXContainerItemProxy section */

/* Begin PBXFileReference section */
		14492B7F276DB3CF00118FA6 /* SwiftUITutorial.app */ = {isa = PBXFileReference; explicitFileType = wrapper.application; includeInIndex = 0; path = SwiftUITutorial.app; sourceTree = BUILT_PRODUCTS_DIR; };
		14492B82276DB3CF00118FA6 /* SwiftUITutorialApp.swift */ = {isa = PBXFileReference; lastKnownFileType = sourcecode.swift; path = SwiftUITutorialApp.swift; sourceTree = "<group>"; };
		14492B84276DB3CF00118FA6 /* ContentView.swift */ = {isa = PBXFileReference; lastKnownFileType = sourcecode.swift; path = ContentView.swift; sourceTree = "<group>"; };
		14492B86276DB3CF00118FA6 /* Assets.xcassets */ = {isa = PBXFileReference; lastKnownFileType = folder.assetcatalog; path = Assets.xcassets; sourceTree = "<group>"; };
		14492B89276DB3CF00118FA6 /* Preview Assets.xcassets */ = {isa = PBXFileReference; lastKnownFileType = folder.assetcatalog; path = "Preview Assets.xcassets"; sourceTree = "<group>"; };
		14492B8B276DB3CF00118FA6 /* Info.plist */ = {isa = PBXFileReference; lastKnownFileType = text.plist.xml; path = Info.plist; sourceTree = "<group>"; };
		14492B90276DB3CF00118FA6 /* SwiftUITutorialTests.xctest */ = {isa = PBXFileReference; explicitFileType = wrapper.cfbundle; includeInIndex = 0; path = SwiftUITutorialTests.xctest; sourceTree = BUILT_PRODUCTS_DIR; };
		14492B94276DB3CF00118FA6 /* SwiftUITutorialTests.swift */ = {isa = PBXFileReference; lastKnownFileType = sourcecode.swift; path = SwiftUITutorialTests.swift; sourceTree = "<group>"; };
		14492B96276DB3CF00118FA6 /* Info.plist */ = {isa = PBXFileReference; lastKnownFileType = text.plist.xml; path = Info.plist; sourceTree = "<group>"; };
		14492B9B276DB3CF00118FA6 /* SwiftUITutorialUITests.xctest */ = {isa = PBXFileReference; explicitFileType = wrapper.cfbundle; includeInIndex = 0; path = SwiftUITutorialUITests.xctest; sourceTree = BUILT_PRODUCTS_DIR; };
		14492B9F276DB3D000118FA6 /* SwiftUITutorialUITests.swift */ = {isa = PBXFileReference; lastKnownFileType = sourcecode.swift; path = SwiftUITutorialUITests.swift; sourceTree = "<group>"; };
		14492BA1276DB3D000118FA6 /* Info.plist */ = {isa = PBXFileReference; lastKnownFileType = text.plist.xml; path = Info.plist; sourceTree = "<group>"; };
		14492BAD276DB7BA00118FA6 /* CircleImage.swift */ = {isa = PBXFileReference; lastKnownFileType = sourcecode.swift; path = CircleImage.swift; sourceTree = "<group>"; };
		14492BAF276DB98300118FA6 /* MapView.swift */ = {isa = PBXFileReference; lastKnownFileType = sourcecode.swift; path = MapView.swift; sourceTree = "<group>"; };
		14492BB1276DBBA800118FA6 /* landmarkData.json */ = {isa = PBXFileReference; fileEncoding = 4; lastKnownFileType = text.json; path = landmarkData.json; sourceTree = "<group>"; };
		14492BB3276DBBC600118FA6 /* Landmark.swift */ = {isa = PBXFileReference; lastKnownFileType = sourcecode.swift; path = Landmark.swift; sourceTree = "<group>"; };
		14492BB5276DBCC500118FA6 /* ModelData.swift */ = {isa = PBXFileReference; lastKnownFileType = sourcecode.swift; path = ModelData.swift; sourceTree = "<group>"; };
		14492BBA276DBE1A00118FA6 /* LandmarkRow.swift */ = {isa = PBXFileReference; lastKnownFileType = sourcecode.swift; path = LandmarkRow.swift; sourceTree = "<group>"; };
		14492BBC276DBF2100118FA6 /* LandmarkList.swift */ = {isa = PBXFileReference; lastKnownFileType = sourcecode.swift; path = LandmarkList.swift; sourceTree = "<group>"; };
		14492BBE276DC01200118FA6 /* LandmarkDetail.swift */ = {isa = PBXFileReference; lastKnownFileType = sourcecode.swift; path = LandmarkDetail.swift; sourceTree = "<group>"; };
		14492BC0276DC92C00118FA6 /* FavoriteButton.swift */ = {isa = PBXFileReference; lastKnownFileType = sourcecode.swift; path = FavoriteButton.swift; sourceTree = "<group>"; };
/* End PBXFileReference section */

/* Begin PBXFrameworksBuildPhase section */
		14492B7C276DB3CF00118FA6 /* Frameworks */ = {
			isa = PBXFrameworksBuildPhase;
			buildActionMask = 2147483647;
			files = (
			);
			runOnlyForDeploymentPostprocessing = 0;
		};
		14492B8D276DB3CF00118FA6 /* Frameworks */ = {
			isa = PBXFrameworksBuildPhase;
			buildActionMask = 2147483647;
			files = (
			);
			runOnlyForDeploymentPostprocessing = 0;
		};
		14492B98276DB3CF00118FA6 /* Frameworks */ = {
			isa = PBXFrameworksBuildPhase;
			buildActionMask = 2147483647;
			files = (
			);
			runOnlyForDeploymentPostprocessing = 0;
		};
/* End PBXFrameworksBuildPhase section */

/* Begin PBXGroup section */
		14492B76276DB3CF00118FA6 = {
			isa = PBXGroup;
			children = (
				14492B81276DB3CF00118FA6 /* SwiftUITutorial */,
				14492B93276DB3CF00118FA6 /* SwiftUITutorialTests */,
				14492B9E276DB3D000118FA6 /* SwiftUITutorialUITests */,
				14492B80276DB3CF00118FA6 /* Products */,
			);
			sourceTree = "<group>";
		};
		14492B80276DB3CF00118FA6 /* Products */ = {
			isa = PBXGroup;
			children = (
				14492B7F276DB3CF00118FA6 /* SwiftUITutorial.app */,
				14492B90276DB3CF00118FA6 /* SwiftUITutorialTests.xctest */,
				14492B9B276DB3CF00118FA6 /* SwiftUITutorialUITests.xctest */,
			);
			name = Products;
			sourceTree = "<group>";
		};
		14492B81276DB3CF00118FA6 /* SwiftUITutorial */ = {
			isa = PBXGroup;
			children = (
				14492B82276DB3CF00118FA6 /* SwiftUITutorialApp.swift */,
				14492B84276DB3CF00118FA6 /* ContentView.swift */,
				14492BB7276DBDD200118FA6 /* View */,
				14492BC2276DCAD700118FA6 /* Helpers */,
				14492BB8276DBDEA00118FA6 /* Model */,
				14492BB9276DBDF000118FA6 /* Resources */,
				14492B86276DB3CF00118FA6 /* Assets.xcassets */,
				14492B8B276DB3CF00118FA6 /* Info.plist */,
				14492B88276DB3CF00118FA6 /* Preview Content */,
			);
			path = SwiftUITutorial;
			sourceTree = "<group>";
		};
		14492B88276DB3CF00118FA6 /* Preview Content */ = {
			isa = PBXGroup;
			children = (
				14492B89276DB3CF00118FA6 /* Preview Assets.xcassets */,
			);
			path = "Preview Content";
			sourceTree = "<group>";
		};
		14492B93276DB3CF00118FA6 /* SwiftUITutorialTests */ = {
			isa = PBXGroup;
			children = (
				14492B94276DB3CF00118FA6 /* SwiftUITutorialTests.swift */,
				14492B96276DB3CF00118FA6 /* Info.plist */,
			);
			path = SwiftUITutorialTests;
			sourceTree = "<group>";
		};
		14492B9E276DB3D000118FA6 /* SwiftUITutorialUITests */ = {
			isa = PBXGroup;
			children = (
				14492B9F276DB3D000118FA6 /* SwiftUITutorialUITests.swift */,
				14492BA1276DB3D000118FA6 /* Info.plist */,
			);
			path = SwiftUITutorialUITests;
			sourceTree = "<group>";
		};
		14492BB7276DBDD200118FA6 /* View */ = {
			isa = PBXGroup;
			children = (
				14492BBA276DBE1A00118FA6 /* LandmarkRow.swift */,
				14492BBC276DBF2100118FA6 /* LandmarkList.swift */,
				14492BBE276DC01200118FA6 /* LandmarkDetail.swift */,
			);
			path = View;
			sourceTree = "<group>";
		};
		14492BB8276DBDEA00118FA6 /* Model */ = {
			isa = PBXGroup;
			children = (
				14492BB3276DBBC600118FA6 /* Landmark.swift */,
				14492BB5276DBCC500118FA6 /* ModelData.swift */,
			);
			path = Model;
			sourceTree = "<group>";
		};
		14492BB9276DBDF000118FA6 /* Resources */ = {
			isa = PBXGroup;
			children = (
				14492BB1276DBBA800118FA6 /* landmarkData.json */,
			);
			path = Resources;
			sourceTree = "<group>";
		};
		14492BC2276DCAD700118FA6 /* Helpers */ = {
			isa = PBXGroup;
			children = (
				14492BAD276DB7BA00118FA6 /* CircleImage.swift */,
				14492BAF276DB98300118FA6 /* MapView.swift */,
				14492BC0276DC92C00118FA6 /* FavoriteButton.swift */,
			);
			path = Helpers;
			sourceTree = "<group>";
		};
/* End PBXGroup section */

/* Begin PBXNativeTarget section */
		14492B7E276DB3CF00118FA6 /* SwiftUITutorial */ = {
			isa = PBXNativeTarget;
			buildConfigurationList = 14492BA4276DB3D000118FA6 /* Build configuration list for PBXNativeTarget "SwiftUITutorial" */;
			buildPhases = (
				14492B7B276DB3CF00118FA6 /* Sources */,
				14492B7C276DB3CF00118FA6 /* Frameworks */,
				14492B7D276DB3CF00118FA6 /* Resources */,
			);
			buildRules = (
			);
			dependencies = (
			);
			name = SwiftUITutorial;
			productName = SwiftUITutorial;
			productReference = 14492B7F276DB3CF00118FA6 /* SwiftUITutorial.app */;
			productType = "com.apple.product-type.application";
		};
		14492B8F276DB3CF00118FA6 /* SwiftUITutorialTests */ = {
			isa = PBXNativeTarget;
			buildConfigurationList = 14492BA7276DB3D000118FA6 /* Build configuration list for PBXNativeTarget "SwiftUITutorialTests" */;
			buildPhases = (
				14492B8C276DB3CF00118FA6 /* Sources */,
				14492B8D276DB3CF00118FA6 /* Frameworks */,
				14492B8E276DB3CF00118FA6 /* Resources */,
			);
			buildRules = (
			);
			dependencies = (
				14492B92276DB3CF00118FA6 /* PBXTargetDependency */,
			);
			name = SwiftUITutorialTests;
			productName = SwiftUITutorialTests;
			productReference = 14492B90276DB3CF00118FA6 /* SwiftUITutorialTests.xctest */;
			productType = "com.apple.product-type.bundle.unit-test";
		};
		14492B9A276DB3CF00118FA6 /* SwiftUITutorialUITests */ = {
			isa = PBXNativeTarget;
			buildConfigurationList = 14492BAA276DB3D000118FA6 /* Build configuration list for PBXNativeTarget "SwiftUITutorialUITests" */;
			buildPhases = (
				14492B97276DB3CF00118FA6 /* Sources */,
				14492B98276DB3CF00118FA6 /* Frameworks */,
				14492B99276DB3CF00118FA6 /* Resources */,
			);
			buildRules = (
			);
			dependencies = (
				14492B9D276DB3D000118FA6 /* PBXTargetDependency */,
			);
			name = SwiftUITutorialUITests;
			productName = SwiftUITutorialUITests;
			productReference = 14492B9B276DB3CF00118FA6 /* SwiftUITutorialUITests.xctest */;
			productType = "com.apple.product-type.bundle.ui-testing";
		};
/* End PBXNativeTarget section */

/* Begin PBXProject section */
		14492B77276DB3CF00118FA6 /* Project object */ = {
			isa = PBXProject;
			attributes = {
				LastSwiftUpdateCheck = 1250;
				LastUpgradeCheck = 1250;
				TargetAttributes = {
					14492B7E276DB3CF00118FA6 = {
						CreatedOnToolsVersion = 12.5.1;
					};
					14492B8F276DB3CF00118FA6 = {
						CreatedOnToolsVersion = 12.5.1;
						TestTargetID = 14492B7E276DB3CF00118FA6;
					};
					14492B9A276DB3CF00118FA6 = {
						CreatedOnToolsVersion = 12.5.1;
						TestTargetID = 14492B7E276DB3CF00118FA6;
					};
				};
			};
			buildConfigurationList = 14492B7A276DB3CF00118FA6 /* Build configuration list for PBXProject "SwiftUITutorial" */;
			compatibilityVersion = "Xcode 9.3";
			developmentRegion = en;
			hasScannedForEncodings = 0;
			knownRegions = (
				en,
				Base,
			);
			mainGroup = 14492B76276DB3CF00118FA6;
			productRefGroup = 14492B80276DB3CF00118FA6 /* Products */;
			projectDirPath = "";
			projectRoot = "";
			targets = (
				14492B7E276DB3CF00118FA6 /* SwiftUITutorial */,
				14492B8F276DB3CF00118FA6 /* SwiftUITutorialTests */,
				14492B9A276DB3CF00118FA6 /* SwiftUITutorialUITests */,
			);
		};
/* End PBXProject section */

/* Begin PBXResourcesBuildPhase section */
		14492B7D276DB3CF00118FA6 /* Resources */ = {
			isa = PBXResourcesBuildPhase;
			buildActionMask = 2147483647;
			files = (
				14492B8A276DB3CF00118FA6 /* Preview Assets.xcassets in Resources */,
				14492B87276DB3CF00118FA6 /* Assets.xcassets in Resources */,
				14492BB2276DBBA800118FA6 /* landmarkData.json in Resources */,
			);
			runOnlyForDeploymentPostprocessing = 0;
		};
		14492B8E276DB3CF00118FA6 /* Resources */ = {
			isa = PBXResourcesBuildPhase;
			buildActionMask = 2147483647;
			files = (
			);
			runOnlyForDeploymentPostprocessing = 0;
		};
		14492B99276DB3CF00118FA6 /* Resources */ = {
			isa = PBXResourcesBuildPhase;
			buildActionMask = 2147483647;
			files = (
			);
			runOnlyForDeploymentPostprocessing = 0;
		};
/* End PBXResourcesBuildPhase section */

/* Begin PBXSourcesBuildPhase section */
		14492B7B276DB3CF00118FA6 /* Sources */ = {
			isa = PBXSourcesBuildPhase;
			buildActionMask = 2147483647;
			files = (
				14492B85276DB3CF00118FA6 /* ContentView.swift in Sources */,
				14492BB4276DBBC600118FA6 /* Landmark.swift in Sources */,
				14492BB0276DB98300118FA6 /* MapView.swift in Sources */,
				14492BC1276DC92C00118FA6 /* FavoriteButton.swift in Sources */,
				14492BBD276DBF2100118FA6 /* LandmarkList.swift in Sources */,
				14492BBF276DC01200118FA6 /* LandmarkDetail.swift in Sources */,
				14492B83276DB3CF00118FA6 /* SwiftUITutorialApp.swift in Sources */,
				14492BAE276DB7BA00118FA6 /* CircleImage.swift in Sources */,
				14492BBB276DBE1A00118FA6 /* LandmarkRow.swift in Sources */,
				14492BB6276DBCC500118FA6 /* ModelData.swift in Sources */,
			);
			runOnlyForDeploymentPostprocessing = 0;
		};
		14492B8C276DB3CF00118FA6 /* Sources */ = {
			isa = PBXSourcesBuildPhase;
			buildActionMask = 2147483647;
			files = (
				14492B95276DB3CF00118FA6 /* SwiftUITutorialTests.swift in Sources */,
			);
			runOnlyForDeploymentPostprocessing = 0;
		};
		14492B97276DB3CF00118FA6 /* Sources */ = {
			isa = PBXSourcesBuildPhase;
			buildActionMask = 2147483647;
			files = (
				14492BA0276DB3D000118FA6 /* SwiftUITutorialUITests.swift in Sources */,
			);
			runOnlyForDeploymentPostprocessing = 0;
		};
/* End PBXSourcesBuildPhase section */

/* Begin PBXTargetDependency section */
		14492B92276DB3CF00118FA6 /* PBXTargetDependency */ = {
			isa = PBXTargetDependency;
			target = 14492B7E276DB3CF00118FA6 /* SwiftUITutorial */;
			targetProxy = 14492B91276DB3CF00118FA6 /* PBXContainerItemProxy */;
		};
		14492B9D276DB3D000118FA6 /* PBXTargetDependency */ = {
			isa = PBXTargetDependency;
			target = 14492B7E276DB3CF00118FA6 /* SwiftUITutorial */;
			targetProxy = 14492B9C276DB3D000118FA6 /* PBXContainerItemProxy */;
		};
/* End PBXTargetDependency section */

/* Begin XCBuildConfiguration section */
		14492BA2276DB3D000118FA6 /* Debug */ = {
			isa = XCBuildConfiguration;
			buildSettings = {
				ALWAYS_SEARCH_USER_PATHS = NO;
				CLANG_ANALYZER_NONNULL = YES;
				CLANG_ANALYZER_NUMBER_OBJECT_CONVERSION = YES_AGGRESSIVE;
				CLANG_CXX_LANGUAGE_STANDARD = "gnu++14";
				CLANG_CXX_LIBRARY = "libc++";
				CLANG_ENABLE_MODULES = YES;
				CLANG_ENABLE_OBJC_ARC = YES;
				CLANG_ENABLE_OBJC_WEAK = YES;
				CLANG_WARN_BLOCK_CAPTURE_AUTORELEASING = YES;
				CLANG_WARN_BOOL_CONVERSION = YES;
				CLANG_WARN_COMMA = YES;
				CLANG_WARN_CONSTANT_CONVERSION = YES;
				CLANG_WARN_DEPRECATED_OBJC_IMPLEMENTATIONS = YES;
				CLANG_WARN_DIRECT_OBJC_ISA_USAGE = YES_ERROR;
				CLANG_WARN_DOCUMENTATION_COMMENTS = YES;
				CLANG_WARN_EMPTY_BODY = YES;
				CLANG_WARN_ENUM_CONVERSION = YES;
				CLANG_WARN_INFINITE_RECURSION = YES;
				CLANG_WARN_INT_CONVERSION = YES;
				CLANG_WARN_NON_LITERAL_NULL_CONVERSION = YES;
				CLANG_WARN_OBJC_IMPLICIT_RETAIN_SELF = YES;
				CLANG_WARN_OBJC_LITERAL_CONVERSION = YES;
				CLANG_WARN_OBJC_ROOT_CLASS = YES_ERROR;
				CLANG_WARN_QUOTED_INCLUDE_IN_FRAMEWORK_HEADER = YES;
				CLANG_WARN_RANGE_LOOP_ANALYSIS = YES;
				CLANG_WARN_STRICT_PROTOTYPES = YES;
				CLANG_WARN_SUSPICIOUS_MOVE = YES;
				CLANG_WARN_UNGUARDED_AVAILABILITY = YES_AGGRESSIVE;
				CLANG_WARN_UNREACHABLE_CODE = YES;
				CLANG_WARN__DUPLICATE_METHOD_MATCH = YES;
				COPY_PHASE_STRIP = NO;
				DEBUG_INFORMATION_FORMAT = dwarf;
				ENABLE_STRICT_OBJC_MSGSEND = YES;
				ENABLE_TESTABILITY = YES;
				GCC_C_LANGUAGE_STANDARD = gnu11;
				GCC_DYNAMIC_NO_PIC = NO;
				GCC_NO_COMMON_BLOCKS = YES;
				GCC_OPTIMIZATION_LEVEL = 0;
				GCC_PREPROCESSOR_DEFINITIONS = (
					"DEBUG=1",
					"$(inherited)",
				);
				GCC_WARN_64_TO_32_BIT_CONVERSION = YES;
				GCC_WARN_ABOUT_RETURN_TYPE = YES_ERROR;
				GCC_WARN_UNDECLARED_SELECTOR = YES;
				GCC_WARN_UNINITIALIZED_AUTOS = YES_AGGRESSIVE;
				GCC_WARN_UNUSED_FUNCTION = YES;
				GCC_WARN_UNUSED_VARIABLE = YES;
				IPHONEOS_DEPLOYMENT_TARGET = 14.5;
				MTL_ENABLE_DEBUG_INFO = INCLUDE_SOURCE;
				MTL_FAST_MATH = YES;
				ONLY_ACTIVE_ARCH = YES;
				SDKROOT = iphoneos;
				SWIFT_ACTIVE_COMPILATION_CONDITIONS = DEBUG;
				SWIFT_OPTIMIZATION_LEVEL = "-Onone";
			};
			name = Debug;
		};
		14492BA3276DB3D000118FA6 /* Release */ = {
			isa = XCBuildConfiguration;
			buildSettings = {
				ALWAYS_SEARCH_USER_PATHS = NO;
				CLANG_ANALYZER_NONNULL = YES;
				CLANG_ANALYZER_NUMBER_OBJECT_CONVERSION = YES_AGGRESSIVE;
				CLANG_CXX_LANGUAGE_STANDARD = "gnu++14";
				CLANG_CXX_LIBRARY = "libc++";
				CLANG_ENABLE_MODULES = YES;
				CLANG_ENABLE_OBJC_ARC = YES;
				CLANG_ENABLE_OBJC_WEAK = YES;
				CLANG_WARN_BLOCK_CAPTURE_AUTORELEASING = YES;
				CLANG_WARN_BOOL_CONVERSION = YES;
				CLANG_WARN_COMMA = YES;
				CLANG_WARN_CONSTANT_CONVERSION = YES;
				CLANG_WARN_DEPRECATED_OBJC_IMPLEMENTATIONS = YES;
				CLANG_WARN_DIRECT_OBJC_ISA_USAGE = YES_ERROR;
				CLANG_WARN_DOCUMENTATION_COMMENTS = YES;
				CLANG_WARN_EMPTY_BODY = YES;
				CLANG_WARN_ENUM_CONVERSION = YES;
				CLANG_WARN_INFINITE_RECURSION = YES;
				CLANG_WARN_INT_CONVERSION = YES;
				CLANG_WARN_NON_LITERAL_NULL_CONVERSION = YES;
				CLANG_WARN_OBJC_IMPLICIT_RETAIN_SELF = YES;
				CLANG_WARN_OBJC_LITERAL_CONVERSION = YES;
				CLANG_WARN_OBJC_ROOT_CLASS = YES_ERROR;
				CLANG_WARN_QUOTED_INCLUDE_IN_FRAMEWORK_HEADER = YES;
				CLANG_WARN_RANGE_LOOP_ANALYSIS = YES;
				CLANG_WARN_STRICT_PROTOTYPES = YES;
				CLANG_WARN_SUSPICIOUS_MOVE = YES;
				CLANG_WARN_UNGUARDED_AVAILABILITY = YES_AGGRESSIVE;
				CLANG_WARN_UNREACHABLE_CODE = YES;
				CLANG_WARN__DUPLICATE_METHOD_MATCH = YES;
				COPY_PHASE_STRIP = NO;
				DEBUG_INFORMATION_FORMAT = "dwarf-with-dsym";
				ENABLE_NS_ASSERTIONS = NO;
				ENABLE_STRICT_OBJC_MSGSEND = YES;
				GCC_C_LANGUAGE_STANDARD = gnu11;
				GCC_NO_COMMON_BLOCKS = YES;
				GCC_WARN_64_TO_32_BIT_CONVERSION = YES;
				GCC_WARN_ABOUT_RETURN_TYPE = YES_ERROR;
				GCC_WARN_UNDECLARED_SELECTOR = YES;
				GCC_WARN_UNINITIALIZED_AUTOS = YES_AGGRESSIVE;
				GCC_WARN_UNUSED_FUNCTION = YES;
				GCC_WARN_UNUSED_VARIABLE = YES;
				IPHONEOS_DEPLOYMENT_TARGET = 14.5;
				MTL_ENABLE_DEBUG_INFO = NO;
				MTL_FAST_MATH = YES;
				SDKROOT = iphoneos;
				SWIFT_COMPILATION_MODE = wholemodule;
				SWIFT_OPTIMIZATION_LEVEL = "-O";
				VALIDATE_PRODUCT = YES;
			};
			name = Release;
		};
		14492BA5276DB3D000118FA6 /* Debug */ = {
			isa = XCBuildConfiguration;
			buildSettings = {
				ASSETCATALOG_COMPILER_APPICON_NAME = AppIcon;
				ASSETCATALOG_COMPILER_GLOBAL_ACCENT_COLOR_NAME = AccentColor;
				CODE_SIGN_STYLE = Automatic;
				DEVELOPMENT_ASSET_PATHS = "\"SwiftUITutorial/Preview Content\"";
				DEVELOPMENT_TEAM = PX37AVLC5L;
				ENABLE_PREVIEWS = YES;
				INFOPLIST_FILE = SwiftUITutorial/Info.plist;
				IPHONEOS_DEPLOYMENT_TARGET = 14.0;
				LD_RUNPATH_SEARCH_PATHS = (
					"$(inherited)",
					"@executable_path/Frameworks",
				);
				PRODUCT_BUNDLE_IDENTIFIER = com.yunuki.SwiftUITutorial;
				PRODUCT_NAME = "$(TARGET_NAME)";
				SWIFT_VERSION = 5.0;
				TARGETED_DEVICE_FAMILY = "1,2";
			};
			name = Debug;
		};
		14492BA6276DB3D000118FA6 /* Release */ = {
			isa = XCBuildConfiguration;
			buildSettings = {
				ASSETCATALOG_COMPILER_APPICON_NAME = AppIcon;
				ASSETCATALOG_COMPILER_GLOBAL_ACCENT_COLOR_NAME = AccentColor;
				CODE_SIGN_STYLE = Automatic;
				DEVELOPMENT_ASSET_PATHS = "\"SwiftUITutorial/Preview Content\"";
				DEVELOPMENT_TEAM = PX37AVLC5L;
				ENABLE_PREVIEWS = YES;
				INFOPLIST_FILE = SwiftUITutorial/Info.plist;
				IPHONEOS_DEPLOYMENT_TARGET = 14.0;
				LD_RUNPATH_SEARCH_PATHS = (
					"$(inherited)",
					"@executable_path/Frameworks",
				);
				PRODUCT_BUNDLE_IDENTIFIER = com.yunuki.SwiftUITutorial;
				PRODUCT_NAME = "$(TARGET_NAME)";
				SWIFT_VERSION = 5.0;
				TARGETED_DEVICE_FAMILY = "1,2";
			};
			name = Release;
		};
		14492BA8276DB3D000118FA6 /* Debug */ = {
			isa = XCBuildConfiguration;
			buildSettings = {
				ALWAYS_EMBED_SWIFT_STANDARD_LIBRARIES = YES;
				BUNDLE_LOADER = "$(TEST_HOST)";
				CODE_SIGN_STYLE = Automatic;
				DEVELOPMENT_TEAM = PX37AVLC5L;
				INFOPLIST_FILE = SwiftUITutorialTests/Info.plist;
				IPHONEOS_DEPLOYMENT_TARGET = 14.0;
				LD_RUNPATH_SEARCH_PATHS = (
					"$(inherited)",
					"@executable_path/Frameworks",
					"@loader_path/Frameworks",
				);
				PRODUCT_BUNDLE_IDENTIFIER = com.yunuki.SwiftUITutorialTests;
				PRODUCT_NAME = "$(TARGET_NAME)";
				SWIFT_VERSION = 5.0;
				TARGETED_DEVICE_FAMILY = "1,2";
				TEST_HOST = "$(BUILT_PRODUCTS_DIR)/SwiftUITutorial.app/SwiftUITutorial";
			};
			name = Debug;
		};
		14492BA9276DB3D000118FA6 /* Release */ = {
			isa = XCBuildConfiguration;
			buildSettings = {
				ALWAYS_EMBED_SWIFT_STANDARD_LIBRARIES = YES;
				BUNDLE_LOADER = "$(TEST_HOST)";
				CODE_SIGN_STYLE = Automatic;
				DEVELOPMENT_TEAM = PX37AVLC5L;
				INFOPLIST_FILE = SwiftUITutorialTests/Info.plist;
				IPHONEOS_DEPLOYMENT_TARGET = 14.0;
				LD_RUNPATH_SEARCH_PATHS = (
					"$(inherited)",
					"@executable_path/Frameworks",
					"@loader_path/Frameworks",
				);
				PRODUCT_BUNDLE_IDENTIFIER = com.yunuki.SwiftUITutorialTests;
				PRODUCT_NAME = "$(TARGET_NAME)";
				SWIFT_VERSION = 5.0;
				TARGETED_DEVICE_FAMILY = "1,2";
				TEST_HOST = "$(BUILT_PRODUCTS_DIR)/SwiftUITutorial.app/SwiftUITutorial";
			};
			name = Release;
		};
		14492BAB276DB3D000118FA6 /* Debug */ = {
			isa = XCBuildConfiguration;
			buildSettings = {
				ALWAYS_EMBED_SWIFT_STANDARD_LIBRARIES = YES;
				CODE_SIGN_STYLE = Automatic;
				DEVELOPMENT_TEAM = PX37AVLC5L;
				INFOPLIST_FILE = SwiftUITutorialUITests/Info.plist;
				LD_RUNPATH_SEARCH_PATHS = (
					"$(inherited)",
					"@executable_path/Frameworks",
					"@loader_path/Frameworks",
				);
				PRODUCT_BUNDLE_IDENTIFIER = com.yunuki.SwiftUITutorialUITests;
				PRODUCT_NAME = "$(TARGET_NAME)";
				SWIFT_VERSION = 5.0;
				TARGETED_DEVICE_FAMILY = "1,2";
				TEST_TARGET_NAME = SwiftUITutorial;
			};
			name = Debug;
		};
		14492BAC276DB3D000118FA6 /* Release */ = {
			isa = XCBuildConfiguration;
			buildSettings = {
				ALWAYS_EMBED_SWIFT_STANDARD_LIBRARIES = YES;
				CODE_SIGN_STYLE = Automatic;
				DEVELOPMENT_TEAM = PX37AVLC5L;
				INFOPLIST_FILE = SwiftUITutorialUITests/Info.plist;
				LD_RUNPATH_SEARCH_PATHS = (
					"$(inherited)",
					"@executable_path/Frameworks",
					"@loader_path/Frameworks",
				);
				PRODUCT_BUNDLE_IDENTIFIER = com.yunuki.SwiftUITutorialUITests;
				PRODUCT_NAME = "$(TARGET_NAME)";
				SWIFT_VERSION = 5.0;
				TARGETED_DEVICE_FAMILY = "1,2";
				TEST_TARGET_NAME = SwiftUITutorial;
			};
			name = Release;
		};
/* End XCBuildConfiguration section */

/* Begin XCConfigurationList section */
		14492B7A276DB3CF00118FA6 /* Build configuration list for PBXProject "SwiftUITutorial" */ = {
			isa = XCConfigurationList;
			buildConfigurations = (
				14492BA2276DB3D000118FA6 /* Debug */,
				14492BA3276DB3D000118FA6 /* Release */,
			);
			defaultConfigurationIsVisible = 0;
			defaultConfigurationName = Release;
		};
		14492BA4276DB3D000118FA6 /* Build configuration list for PBXNativeTarget "SwiftUITutorial" */ = {
			isa = XCConfigurationList;
			buildConfigurations = (
				14492BA5276DB3D000118FA6 /* Debug */,
				14492BA6276DB3D000118FA6 /* Release */,
			);
			defaultConfigurationIsVisible = 0;
			defaultConfigurationName = Release;
		};
		14492BA7276DB3D000118FA6 /* Build configuration list for PBXNativeTarget "SwiftUITutorialTests" */ = {
			isa = XCConfigurationList;
			buildConfigurations = (
				14492BA8276DB3D000118FA6 /* Debug */,
				14492BA9276DB3D000118FA6 /* Release */,
			);
			defaultConfigurationIsVisible = 0;
			defaultConfigurationName = Release;
		};
		14492BAA276DB3D000118FA6 /* Build configuration list for PBXNativeTarget "SwiftUITutorialUITests" */ = {
			isa = XCConfigurationList;
			buildConfigurations = (
				14492BAB276DB3D000118FA6 /* Debug */,
				14492BAC276DB3D000118FA6 /* Release */,
			);
			defaultConfigurationIsVisible = 0;
			defaultConfigurationName = Release;
		};
/* End XCConfigurationList section */
	};
	rootObject = 14492B77276DB3CF00118FA6 /* Project object */;
}
